
Microsoft Visual Studio Solution File, Format Version 12.00
# Visual Studio 15
VisualStudioVersion = 15.0.28307.329
MinimumVisualStudioVersion = 10.0.40219.1
Project("{FAE04EC0-301F-11D3-BF4B-00C04F79EFBC}") = "FriendOrganizer.UI", "FriendOrganizer.UI\FriendOrganizer.UI.csproj", "{AF2175D8-6ABA-4F66-905B-BC18E19C36B8}"
EndProject
Project("{FAE04EC0-301F-11D3-BF4B-00C04F79EFBC}") = "FriendOrganizer.DataAccess", "FriendOrganizer.DataAccess\FriendOrganizer.DataAccess.csproj", "{0191FA0D-7E94-4803-A213-8AD6A8B60240}"
EndProject
Project("{FAE04EC0-301F-11D3-BF4B-00C04F79EFBC}") = "FriendOrganizer.Model", "FriendOrganizer.Model\FriendOrganizer.Model.csproj", "{B2B5131E-8CA0-4A6F-8F94-29B2DF6468E2}"
EndProject
Global
	GlobalSection(SolutionConfigurationPlatforms) = preSolution
		Debug|Any CPU = Debug|Any CPU
		Release|Any CPU = Release|Any CPU
	EndGlobalSection
	GlobalSection(ProjectConfigurationPlatforms) = postSolution
		{AF2175D8-6ABA-4F66-905B-BC18E19C36B8}.Debug|Any CPU.ActiveCfg = Debug|Any CPU
		{AF2175D8-6ABA-4F66-905B-BC18E19C36B8}.Debug|Any CPU.Build.0 = Debug|Any CPU
		{AF2175D8-6ABA-4F66-905B-BC18E19C36B8}.Release|Any CPU.ActiveCfg = Release|Any CPU
		{AF2175D8-6ABA-4F66-905B-BC18E19C36B8}.Release|Any CPU.Build.0 = Release|Any CPU
		{0191FA0D-7E94-4803-A213-8AD6A8B60240}.Debug|Any CPU.ActiveCfg = Debug|Any CPU
		{0191FA0D-7E94-4803-A213-8AD6A8B60240}.Debug|Any CPU.Build.0 = Debug|Any CPU
		{0191FA0D-7E94-4803-A213-8AD6A8B60240}.Release|Any CPU.ActiveCfg = Release|Any CPU
		{0191FA0D-7E94-4803-A213-8AD6A8B60240}.Release|Any CPU.Build.0 = Release|Any CPU
		{B2B5131E-8CA0-4A6F-8F94-29B2DF6468E2}.Debug|Any CPU.ActiveCfg = Debug|Any CPU
		{B2B5131E-8CA0-4A6F-8F94-29B2DF6468E2}.Debug|Any CPU.Build.0 = Debug|Any CPU
		{B2B5131E-8CA0-4A6F-8F94-29B2DF6468E2}.Release|Any CPU.ActiveCfg = Release|Any CPU
		{B2B5131E-8CA0-4A6F-8F94-29B2DF6468E2}.Release|Any CPU.Build.0 = Release|Any CPU
	EndGlobalSection
	GlobalSection(SolutionProperties) = preSolution
		HideSolutionNode = FALSE
	EndGlobalSection
	GlobalSection(ExtensibilityGlobals) = postSolution
		SolutionGuid = {24C16AEB-ADA4-48FB-8769-7EBD4C1D507B}
	EndGlobalSection
EndGlobal
